// !$*UTF8*$!
{
	archiveVersion = 1;
	classes = {
	};
	objectVersion = 50;
	objects = {

/* Begin PBXBuildFile section */
		82FBD1C3218FE7E200F38A8F /* AppDelegate.swift in Sources */ = {isa = PBXBuildFile; fileRef = 82FBD1C2218FE7E200F38A8F /* AppDelegate.swift */; };
		82FBD1C5218FE7E200F38A8F /* ViewController.swift in Sources */ = {isa = PBXBuildFile; fileRef = 82FBD1C4218FE7E200F38A8F /* ViewController.swift */; };
		82FBD1C8218FE7E200F38A8F /* Main.storyboard in Resources */ = {isa = PBXBuildFile; fileRef = 82FBD1C6218FE7E200F38A8F /* Main.storyboard */; };
		82FBD1CA218FE7E400F38A8F /* Assets.xcassets in Resources */ = {isa = PBXBuildFile; fileRef = 82FBD1C9218FE7E400F38A8F /* Assets.xcassets */; };
		82FBD1CD218FE7E400F38A8F /* LaunchScreen.storyboard in Resources */ = {isa = PBXBuildFile; fileRef = 82FBD1CB218FE7E400F38A8F /* LaunchScreen.storyboard */; };
		82FBD1D8218FE7E400F38A8F /* YELPTests.swift in Sources */ = {isa = PBXBuildFile; fileRef = 82FBD1D7218FE7E400F38A8F /* YELPTests.swift */; };
		82FBD1E3218FE7E400F38A8F /* YELPUITests.swift in Sources */ = {isa = PBXBuildFile; fileRef = 82FBD1E2218FE7E400F38A8F /* YELPUITests.swift */; };
/* End PBXBuildFile section */

/* Begin PBXContainerItemProxy section */
		82FBD1D4218FE7E400F38A8F /* PBXContainerItemProxy */ = {
			isa = PBXContainerItemProxy;
			containerPortal = 82FBD1B7218FE7E200F38A8F /* Project object */;
			proxyType = 1;
			remoteGlobalIDString = 82FBD1BE218FE7E200F38A8F;
			remoteInfo = YELP;
		};
		82FBD1DF218FE7E400F38A8F /* PBXContainerItemProxy */ = {
			isa = PBXContainerItemProxy;
			containerPortal = 82FBD1B7218FE7E200F38A8F /* Project object */;
			proxyType = 1;
			remoteGlobalIDString = 82FBD1BE218FE7E200F38A8F;
			remoteInfo = YELP;
		};
/* End PBXContainerItemProxy section */

/* Begin PBXFileReference section */
		82FBD1BF218FE7E200F38A8F /* YELP.app */ = {isa = PBXFileReference; explicitFileType = wrapper.application; includeInIndex = 0; path = YELP.app; sourceTree = BUILT_PRODUCTS_DIR; };
		82FBD1C2218FE7E200F38A8F /* AppDelegate.swift */ = {isa = PBXFileReference; lastKnownFileType = sourcecode.swift; path = AppDelegate.swift; sourceTree = "<group>"; };
		82FBD1C4218FE7E200F38A8F /* ViewController.swift */ = {isa = PBXFileReference; lastKnownFileType = sourcecode.swift; path = ViewController.swift; sourceTree = "<group>"; };
		82FBD1C7218FE7E200F38A8F /* Base */ = {isa = PBXFileReference; lastKnownFileType = file.storyboard; name = Base; path = Base.lproj/Main.storyboard; sourceTree = "<group>"; };
		82FBD1C9218FE7E400F38A8F /* Assets.xcassets */ = {isa = PBXFileReference; lastKnownFileType = folder.assetcatalog; path = Assets.xcassets; sourceTree = "<group>"; };
		82FBD1CC218FE7E400F38A8F /* Base */ = {isa = PBXFileReference; lastKnownFileType = file.storyboard; name = Base; path = Base.lproj/LaunchScreen.storyboard; sourceTree = "<group>"; };
		82FBD1CE218FE7E400F38A8F /* Info.plist */ = {isa = PBXFileReference; lastKnownFileType = text.plist.xml; path = Info.plist; sourceTree = "<group>"; };
		82FBD1D3218FE7E400F38A8F /* YELPTests.xctest */ = {isa = PBXFileReference; explicitFileType = wrapper.cfbundle; includeInIndex = 0; path = YELPTests.xctest; sourceTree = BUILT_PRODUCTS_DIR; };
		82FBD1D7218FE7E400F38A8F /* YELPTests.swift */ = {isa = PBXFileReference; lastKnownFileType = sourcecode.swift; path = YELPTests.swift; sourceTree = "<group>"; };
		82FBD1D9218FE7E400F38A8F /* Info.plist */ = {isa = PBXFileReference; lastKnownFileType = text.plist.xml; path = Info.plist; sourceTree = "<group>"; };
		82FBD1DE218FE7E400F38A8F /* YELPUITests.xctest */ = {isa = PBXFileReference; explicitFileType = wrapper.cfbundle; includeInIndex = 0; path = YELPUITests.xctest; sourceTree = BUILT_PRODUCTS_DIR; };
		82FBD1E2218FE7E400F38A8F /* YELPUITests.swift */ = {isa = PBXFileReference; lastKnownFileType = sourcecode.swift; path = YELPUITests.swift; sourceTree = "<group>"; };
		82FBD1E4218FE7E400F38A8F /* Info.plist */ = {isa = PBXFileReference; lastKnownFileType = text.plist.xml; path = Info.plist; sourceTree = "<group>"; };
/* End PBXFileReference section */

/* Begin PBXFrameworksBuildPhase section */
		82FBD1BC218FE7E200F38A8F /* Frameworks */ = {
			isa = PBXFrameworksBuildPhase;
			buildActionMask = 2147483647;
			files = (
			);
			runOnlyForDeploymentPostprocessing = 0;
		};
		82FBD1D0218FE7E400F38A8F /* Frameworks */ = {
			isa = PBXFrameworksBuildPhase;
			buildActionMask = 2147483647;
			files = (
			);
			runOnlyForDeploymentPostprocessing = 0;
		};
		82FBD1DB218FE7E400F38A8F /* Frameworks */ = {
			isa = PBXFrameworksBuildPhase;
			buildActionMask = 2147483647;
			files = (
			);
			runOnlyForDeploymentPostprocessing = 0;
		};
/* End PBXFrameworksBuildPhase section */

/* Begin PBXGroup section */
		82FBD1B6218FE7E200F38A8F = {
			isa = PBXGroup;
			children = (
				82FBD1C1218FE7E200F38A8F /* YELP */,
				82FBD1D6218FE7E400F38A8F /* YELPTests */,
				82FBD1E1218FE7E400F38A8F /* YELPUITests */,
				82FBD1C0218FE7E200F38A8F /* Products */,
			);
			sourceTree = "<group>";
		};
		82FBD1C0218FE7E200F38A8F /* Products */ = {
			isa = PBXGroup;
			children = (
				82FBD1BF218FE7E200F38A8F /* YELP.app */,
				82FBD1D3218FE7E400F38A8F /* YELPTests.xctest */,
				82FBD1DE218FE7E400F38A8F /* YELPUITests.xctest */,
			);
			name = Products;
			sourceTree = "<group>";
		};
		82FBD1C1218FE7E200F38A8F /* YELP */ = {
			isa = PBXGroup;
			children = (
				82FBD1C2218FE7E200F38A8F /* AppDelegate.swift */,
				82FBD1C4218FE7E200F38A8F /* ViewController.swift */,
				82FBD1C6218FE7E200F38A8F /* Main.storyboard */,
				82FBD1C9218FE7E400F38A8F /* Assets.xcassets */,
				82FBD1CB218FE7E400F38A8F /* LaunchScreen.storyboard */,
				82FBD1CE218FE7E400F38A8F /* Info.plist */,
			);
			path = YELP;
			sourceTree = "<group>";
		};
		82FBD1D6218FE7E400F38A8F /* YELPTests */ = {
			isa = PBXGroup;
			children = (
				82FBD1D7218FE7E400F38A8F /* YELPTests.swift */,
				82FBD1D9218FE7E400F38A8F /* Info.plist */,
			);
			path = YELPTests;
			sourceTree = "<group>";
		};
		82FBD1E1218FE7E400F38A8F /* YELPUITests */ = {
			isa = PBXGroup;
			children = (
				82FBD1E2218FE7E400F38A8F /* YELPUITests.swift */,
				82FBD1E4218FE7E400F38A8F /* Info.plist */,
			);
			path = YELPUITests;
			sourceTree = "<group>";
		};
/* End PBXGroup section */

/* Begin PBXNativeTarget section */
		82FBD1BE218FE7E200F38A8F /* YELP */ = {
			isa = PBXNativeTarget;
			buildConfigurationList = 82FBD1E7218FE7E400F38A8F /* Build configuration list for PBXNativeTarget "YELP" */;
			buildPhases = (
				82FBD1BB218FE7E200F38A8F /* Sources */,
				82FBD1BC218FE7E200F38A8F /* Frameworks */,
				82FBD1BD218FE7E200F38A8F /* Resources */,
			);
			buildRules = (
			);
			dependencies = (
			);
			name = YELP;
			productName = YELP;
			productReference = 82FBD1BF218FE7E200F38A8F /* YELP.app */;
			productType = "com.apple.product-type.application";
		};
		82FBD1D2218FE7E400F38A8F /* YELPTests */ = {
			isa = PBXNativeTarget;
			buildConfigurationList = 82FBD1EA218FE7E400F38A8F /* Build configuration list for PBXNativeTarget "YELPTests" */;
			buildPhases = (
				82FBD1CF218FE7E400F38A8F /* Sources */,
				82FBD1D0218FE7E400F38A8F /* Frameworks */,
				82FBD1D1218FE7E400F38A8F /* Resources */,
			);
			buildRules = (
			);
			dependencies = (
				82FBD1D5218FE7E400F38A8F /* PBXTargetDependency */,
			);
			name = YELPTests;
			productName = YELPTests;
			productReference = 82FBD1D3218FE7E400F38A8F /* YELPTests.xctest */;
			productType = "com.apple.product-type.bundle.unit-test";
		};
		82FBD1DD218FE7E400F38A8F /* YELPUITests */ = {
			isa = PBXNativeTarget;
			buildConfigurationList = 82FBD1ED218FE7E400F38A8F /* Build configuration list for PBXNativeTarget "YELPUITests" */;
			buildPhases = (
				82FBD1DA218FE7E400F38A8F /* Sources */,
				82FBD1DB218FE7E400F38A8F /* Frameworks */,
				82FBD1DC218FE7E400F38A8F /* Resources */,
			);
			buildRules = (
			);
			dependencies = (
				82FBD1E0218FE7E400F38A8F /* PBXTargetDependency */,
			);
			name = YELPUITests;
			productName = YELPUITests;
			productReference = 82FBD1DE218FE7E400F38A8F /* YELPUITests.xctest */;
			productType = "com.apple.product-type.bundle.ui-testing";
		};
/* End PBXNativeTarget section */

/* Begin PBXProject section */
		82FBD1B7218FE7E200F38A8F /* Project object */ = {
			isa = PBXProject;
			attributes = {
				LastSwiftUpdateCheck = 1000;
				LastUpgradeCheck = 1000;
				ORGANIZATIONNAME = "Antwaan ThomasMorgan";
				TargetAttributes = {
					82FBD1BE218FE7E200F38A8F = {
						CreatedOnToolsVersion = 10.0;
					};
					82FBD1D2218FE7E400F38A8F = {
						CreatedOnToolsVersion = 10.0;
						TestTargetID = 82FBD1BE218FE7E200F38A8F;
					};
					82FBD1DD218FE7E400F38A8F = {
						CreatedOnToolsVersion = 10.0;
						TestTargetID = 82FBD1BE218FE7E200F38A8F;
					};
				};
			};
			buildConfigurationList = 82FBD1BA218FE7E200F38A8F /* Build configuration list for PBXProject "YELP" */;
			compatibilityVersion = "Xcode 9.3";
			developmentRegion = en;
			hasScannedForEncodings = 0;
			knownRegions = (
				en,
				Base,
			);
			mainGroup = 82FBD1B6218FE7E200F38A8F;
			productRefGroup = 82FBD1C0218FE7E200F38A8F /* Products */;
			projectDirPath = "";
			projectRoot = "";
			targets = (
				82FBD1BE218FE7E200F38A8F /* YELP */,
				82FBD1D2218FE7E400F38A8F /* YELPTests */,
				82FBD1DD218FE7E400F38A8F /* YELPUITests */,
			);
		};
/* End PBXProject section */

/* Begin PBXResourcesBuildPhase section */
		82FBD1BD218FE7E200F38A8F /* Resources */ = {
			isa = PBXResourcesBuildPhase;
			buildActionMask = 2147483647;
			files = (
				82FBD1CD218FE7E400F38A8F /* LaunchScreen.storyboard in Resources */,
				82FBD1CA218FE7E400F38A8F /* Assets.xcassets in Resources */,
				82FBD1C8218FE7E200F38A8F /* Main.storyboard in Resources */,
			);
			runOnlyForDeploymentPostprocessing = 0;
		};
		82FBD1D1218FE7E400F38A8F /* Resources */ = {
			isa = PBXResourcesBuildPhase;
			buildActionMask = 2147483647;
			files = (
			);
			runOnlyForDeploymentPostprocessing = 0;
		};
		82FBD1DC218FE7E400F38A8F /* Resources */ = {
			isa = PBXResourcesBuildPhase;
			buildActionMask = 2147483647;
			files = (
			);
			runOnlyForDeploymentPostprocessing = 0;
		};
/* End PBXResourcesBuildPhase section */

/* Begin PBXSourcesBuildPhase section */
		82FBD1BB218FE7E200F38A8F /* Sources */ = {
			isa = PBXSourcesBuildPhase;
			buildActionMask = 2147483647;
			files = (
				82FBD1C5218FE7E200F38A8F /* ViewController.swift in Sources */,
				82FBD1C3218FE7E200F38A8F /* AppDelegate.swift in Sources */,
			);
			runOnlyForDeploymentPostprocessing = 0;
		};
		82FBD1CF218FE7E400F38A8F /* Sources */ = {
			isa = PBXSourcesBuildPhase;
			buildActionMask = 2147483647;
			files = (
				82FBD1D8218FE7E400F38A8F /* YELPTests.swift in Sources */,
			);
			runOnlyForDeploymentPostprocessing = 0;
		};
		82FBD1DA218FE7E400F38A8F /* Sources */ = {
			isa = PBXSourcesBuildPhase;
			buildActionMask = 2147483647;
			files = (
				82FBD1E3218FE7E400F38A8F /* YELPUITests.swift in Sources */,
			);
			runOnlyForDeploymentPostprocessing = 0;
		};
/* End PBXSourcesBuildPhase section */

/* Begin PBXTargetDependency section */
		82FBD1D5218FE7E400F38A8F /* PBXTargetDependency */ = {
			isa = PBXTargetDependency;
			target = 82FBD1BE218FE7E200F38A8F /* YELP */;
			targetProxy = 82FBD1D4218FE7E400F38A8F /* PBXContainerItemProxy */;
		};
		82FBD1E0218FE7E400F38A8F /* PBXTargetDependency */ = {
			isa = PBXTargetDependency;
			target = 82FBD1BE218FE7E200F38A8F /* YELP */;
			targetProxy = 82FBD1DF218FE7E400F38A8F /* PBXContainerItemProxy */;
		};
/* End PBXTargetDependency section */

/* Begin PBXVariantGroup section */
		82FBD1C6218FE7E200F38A8F /* Main.storyboard */ = {
			isa = PBXVariantGroup;
			children = (
				82FBD1C7218FE7E200F38A8F /* Base */,
			);
			name = Main.storyboard;
			sourceTree = "<group>";
		};
		82FBD1CB218FE7E400F38A8F /* LaunchScreen.storyboard */ = {
			isa = PBXVariantGroup;
			children = (
				82FBD1CC218FE7E400F38A8F /* Base */,
			);
			name = LaunchScreen.storyboard;
			sourceTree = "<group>";
		};
/* End PBXVariantGroup section */

/* Begin XCBuildConfiguration section */
		82FBD1E5218FE7E400F38A8F /* Debug */ = {
			isa = XCBuildConfiguration;
			buildSettings = {
				ALWAYS_SEARCH_USER_PATHS = NO;
				CLANG_ANALYZER_NONNULL = YES;
				CLANG_ANALYZER_NUMBER_OBJECT_CONVERSION = YES_AGGRESSIVE;
				CLANG_CXX_LANGUAGE_STANDARD = "gnu++14";
				CLANG_CXX_LIBRARY = "libc++";
				CLANG_ENABLE_MODULES = YES;
				CLANG_ENABLE_OBJC_ARC = YES;
				CLANG_ENABLE_OBJC_WEAK = YES;
				CLANG_WARN_BLOCK_CAPTURE_AUTORELEASING = YES;
				CLANG_WARN_BOOL_CONVERSION = YES;
				CLANG_WARN_COMMA = YES;
				CLANG_WARN_CONSTANT_CONVERSION = YES;
				CLANG_WARN_DEPRECATED_OBJC_IMPLEMENTATIONS = YES;
				CLANG_WARN_DIRECT_OBJC_ISA_USAGE = YES_ERROR;
				CLANG_WARN_DOCUMENTATION_COMMENTS = YES;
				CLANG_WARN_EMPTY_BODY = YES;
				CLANG_WARN_ENUM_CONVERSION = YES;
				CLANG_WARN_INFINITE_RECURSION = YES;
				CLANG_WARN_INT_CONVERSION = YES;
				CLANG_WARN_NON_LITERAL_NULL_CONVERSION = YES;
				CLANG_WARN_OBJC_IMPLICIT_RETAIN_SELF = YES;
				CLANG_WARN_OBJC_LITERAL_CONVERSION = YES;
				CLANG_WARN_OBJC_ROOT_CLASS = YES_ERROR;
				CLANG_WARN_RANGE_LOOP_ANALYSIS = YES;
				CLANG_WARN_STRICT_PROTOTYPES = YES;
				CLANG_WARN_SUSPICIOUS_MOVE = YES;
				CLANG_WARN_UNGUARDED_AVAILABILITY = YES_AGGRESSIVE;
				CLANG_WARN_UNREACHABLE_CODE = YES;
				CLANG_WARN__DUPLICATE_METHOD_MATCH = YES;
				CODE_SIGN_IDENTITY = "iPhone Developer";
				COPY_PHASE_STRIP = NO;
				DEBUG_INFORMATION_FORMAT = dwarf;
				ENABLE_STRICT_OBJC_MSGSEND = YES;
				ENABLE_TESTABILITY = YES;
				GCC_C_LANGUAGE_STANDARD = gnu11;
				GCC_DYNAMIC_NO_PIC = NO;
				GCC_NO_COMMON_BLOCKS = YES;
				GCC_OPTIMIZATION_LEVEL = 0;
				GCC_PREPROCESSOR_DEFINITIONS = (
					"DEBUG=1",
					"$(inherited)",
				);
				GCC_WARN_64_TO_32_BIT_CONVERSION = YES;
				GCC_WARN_ABOUT_RETURN_TYPE = YES_ERROR;
				GCC_WARN_UNDECLARED_SELECTOR = YES;
				GCC_WARN_UNINITIALIZED_AUTOS = YES_AGGRESSIVE;
				GCC_WARN_UNUSED_FUNCTION = YES;
				GCC_WARN_UNUSED_VARIABLE = YES;
				IPHONEOS_DEPLOYMENT_TARGET = 12.0;
				MTL_ENABLE_DEBUG_INFO = INCLUDE_SOURCE;
				MTL_FAST_MATH = YES;
				ONLY_ACTIVE_ARCH = YES;
				SDKROOT = iphoneos;
				SWIFT_ACTIVE_COMPILATION_CONDITIONS = DEBUG;
				SWIFT_OPTIMIZATION_LEVEL = "-Onone";
			};
			name = Debug;
		};
		82FBD1E6218FE7E400F38A8F /* Release */ = {
			isa = XCBuildConfiguration;
			buildSettings = {
				ALWAYS_SEARCH_USER_PATHS = NO;
				CLANG_ANALYZER_NONNULL = YES;
				CLANG_ANALYZER_NUMBER_OBJECT_CONVERSION = YES_AGGRESSIVE;
				CLANG_CXX_LANGUAGE_STANDARD = "gnu++14";
				CLANG_CXX_LIBRARY = "libc++";
				CLANG_ENABLE_MODULES = YES;
				CLANG_ENABLE_OBJC_ARC = YES;
				CLANG_ENABLE_OBJC_WEAK = YES;
				CLANG_WARN_BLOCK_CAPTURE_AUTORELEASING = YES;
				CLANG_WARN_BOOL_CONVERSION = YES;
				CLANG_WARN_COMMA = YES;
				CLANG_WARN_CONSTANT_CONVERSION = YES;
				CLANG_WARN_DEPRECATED_OBJC_IMPLEMENTATIONS = YES;
				CLANG_WARN_DIRECT_OBJC_ISA_USAGE = YES_ERROR;
				CLANG_WARN_DOCUMENTATION_COMMENTS = YES;
				CLANG_WARN_EMPTY_BODY = YES;
				CLANG_WARN_ENUM_CONVERSION = YES;
				CLANG_WARN_INFINITE_RECURSION = YES;
				CLANG_WARN_INT_CONVERSION = YES;
				CLANG_WARN_NON_LITERAL_NULL_CONVERSION = YES;
				CLANG_WARN_OBJC_IMPLICIT_RETAIN_SELF = YES;
				CLANG_WARN_OBJC_LITERAL_CONVERSION = YES;
				CLANG_WARN_OBJC_ROOT_CLASS = YES_ERROR;
				CLANG_WARN_RANGE_LOOP_ANALYSIS = YES;
				CLANG_WARN_STRICT_PROTOTYPES = YES;
				CLANG_WARN_SUSPICIOUS_MOVE = YES;
				CLANG_WARN_UNGUARDED_AVAILABILITY = YES_AGGRESSIVE;
				CLANG_WARN_UNREACHABLE_CODE = YES;
				CLANG_WARN__DUPLICATE_METHOD_MATCH = YES;
				CODE_SIGN_IDENTITY = "iPhone Developer";
				COPY_PHASE_STRIP = NO;
				DEBUG_INFORMATION_FORMAT = "dwarf-with-dsym";
				ENABLE_NS_ASSERTIONS = NO;
				ENABLE_STRICT_OBJC_MSGSEND = YES;
				GCC_C_LANGUAGE_STANDARD = gnu11;
				GCC_NO_COMMON_BLOCKS = YES;
				GCC_WARN_64_TO_32_BIT_CONVERSION = YES;
				GCC_WARN_ABOUT_RETURN_TYPE = YES_ERROR;
				GCC_WARN_UNDECLARED_SELECTOR = YES;
				GCC_WARN_UNINITIALIZED_AUTOS = YES_AGGRESSIVE;
				GCC_WARN_UNUSED_FUNCTION = YES;
				GCC_WARN_UNUSED_VARIABLE = YES;
				IPHONEOS_DEPLOYMENT_TARGET = 12.0;
				MTL_ENABLE_DEBUG_INFO = NO;
				MTL_FAST_MATH = YES;
				SDKROOT = iphoneos;
				SWIFT_COMPILATION_MODE = wholemodule;
				SWIFT_OPTIMIZATION_LEVEL = "-O";
				VALIDATE_PRODUCT = YES;
			};
			name = Release;
		};
		82FBD1E8218FE7E400F38A8F /* Debug */ = {
			isa = XCBuildConfiguration;
			buildSettings = {
				ASSETCATALOG_COMPILER_APPICON_NAME = AppIcon;
				CODE_SIGN_STYLE = Automatic;
				INFOPLIST_FILE = YELP/Info.plist;
				LD_RUNPATH_SEARCH_PATHS = (
					"$(inherited)",
					"@executable_path/Frameworks",
				);
				PRODUCT_BUNDLE_IDENTIFIER = preworkout.codepath.YELP;
				PRODUCT_NAME = "$(TARGET_NAME)";
				SWIFT_VERSION = 4.2;
				TARGETED_DEVICE_FAMILY = "1,2";
			};
			name = Debug;
		};
		82FBD1E9218FE7E400F38A8F /* Release */ = {
			isa = XCBuildConfiguration;
			buildSettings = {
				ASSETCATALOG_COMPILER_APPICON_NAME = AppIcon;
				CODE_SIGN_STYLE = Automatic;
				INFOPLIST_FILE = YELP/Info.plist;
				LD_RUNPATH_SEARCH_PATHS = (
					"$(inherited)",
					"@executable_path/Frameworks",
				);
				PRODUCT_BUNDLE_IDENTIFIER = preworkout.codepath.YELP;
				PRODUCT_NAME = "$(TARGET_NAME)";
				SWIFT_VERSION = 4.2;
				TARGETED_DEVICE_FAMILY = "1,2";
			};
			name = Release;
		};
		82FBD1EB218FE7E400F38A8F /* Debug */ = {
			isa = XCBuildConfiguration;
			buildSettings = {
				ALWAYS_EMBED_SWIFT_STANDARD_LIBRARIES = YES;
				BUNDLE_LOADER = "$(TEST_HOST)";
				CODE_SIGN_STYLE = Automatic;
				INFOPLIST_FILE = YELPTests/Info.plist;
				LD_RUNPATH_SEARCH_PATHS = (
					"$(inherited)",
					"@executable_path/Frameworks",
					"@loader_path/Frameworks",
				);
				PRODUCT_BUNDLE_IDENTIFIER = preworkout.codepath.YELPTests;
				PRODUCT_NAME = "$(TARGET_NAME)";
				SWIFT_VERSION = 4.2;
				TARGETED_DEVICE_FAMILY = "1,2";
				TEST_HOST = "$(BUILT_PRODUCTS_DIR)/YELP.app/YELP";
			};
			name = Debug;
		};
		82FBD1EC218FE7E400F38A8F /* Release */ = {
			isa = XCBuildConfiguration;
			buildSettings = {
				ALWAYS_EMBED_SWIFT_STANDARD_LIBRARIES = YES;
				BUNDLE_LOADER = "$(TEST_HOST)";
				CODE_SIGN_STYLE = Automatic;
				INFOPLIST_FILE = YELPTests/Info.plist;
				LD_RUNPATH_SEARCH_PATHS = (
					"$(inherited)",
					"@executable_path/Frameworks",
					"@loader_path/Frameworks",
				);
				PRODUCT_BUNDLE_IDENTIFIER = preworkout.codepath.YELPTests;
				PRODUCT_NAME = "$(TARGET_NAME)";
				SWIFT_VERSION = 4.2;
				TARGETED_DEVICE_FAMILY = "1,2";
				TEST_HOST = "$(BUILT_PRODUCTS_DIR)/YELP.app/YELP";
			};
			name = Release;
		};
		82FBD1EE218FE7E400F38A8F /* Debug */ = {
			isa = XCBuildConfiguration;
			buildSettings = {
				ALWAYS_EMBED_SWIFT_STANDARD_LIBRARIES = YES;
				CODE_SIGN_STYLE = Automatic;
				INFOPLIST_FILE = YELPUITests/Info.plist;
				LD_RUNPATH_SEARCH_PATHS = (
					"$(inherited)",
					"@executable_path/Frameworks",
					"@loader_path/Frameworks",
				);
				PRODUCT_BUNDLE_IDENTIFIER = preworkout.codepath.YELPUITests;
				PRODUCT_NAME = "$(TARGET_NAME)";
				SWIFT_VERSION = 4.2;
				TARGETED_DEVICE_FAMILY = "1,2";
				TEST_TARGET_NAME = YELP;
			};
			name = Debug;
		};
		82FBD1EF218FE7E400F38A8F /* Release */ = {
			isa = XCBuildConfiguration;
			buildSettings = {
				ALWAYS_EMBED_SWIFT_STANDARD_LIBRARIES = YES;
				CODE_SIGN_STYLE = Automatic;
				INFOPLIST_FILE = YELPUITests/Info.plist;
				LD_RUNPATH_SEARCH_PATHS = (
					"$(inherited)",
					"@executable_path/Frameworks",
					"@loader_path/Frameworks",
				);
				PRODUCT_BUNDLE_IDENTIFIER = preworkout.codepath.YELPUITests;
				PRODUCT_NAME = "$(TARGET_NAME)";
				SWIFT_VERSION = 4.2;
				TARGETED_DEVICE_FAMILY = "1,2";
				TEST_TARGET_NAME = YELP;
			};
			name = Release;
		};
/* End XCBuildConfiguration section */

/* Begin XCConfigurationList section */
		82FBD1BA218FE7E200F38A8F /* Build configuration list for PBXProject "YELP" */ = {
			isa = XCConfigurationList;
			buildConfigurations = (
				82FBD1E5218FE7E400F38A8F /* Debug */,
				82FBD1E6218FE7E400F38A8F /* Release */,
			);
			defaultConfigurationIsVisible = 0;
			defaultConfigurationName = Release;
		};
		82FBD1E7218FE7E400F38A8F /* Build configuration list for PBXNativeTarget "YELP" */ = {
			isa = XCConfigurationList;
			buildConfigurations = (
				82FBD1E8218FE7E400F38A8F /* Debug */,
				82FBD1E9218FE7E400F38A8F /* Release */,
			);
			defaultConfigurationIsVisible = 0;
			defaultConfigurationName = Release;
		};
		82FBD1EA218FE7E400F38A8F /* Build configuration list for PBXNativeTarget "YELPTests" */ = {
			isa = XCConfigurationList;
			buildConfigurations = (
				82FBD1EB218FE7E400F38A8F /* Debug */,
				82FBD1EC218FE7E400F38A8F /* Release */,
			);
			defaultConfigurationIsVisible = 0;
			defaultConfigurationName = Release;
		};
		82FBD1ED218FE7E400F38A8F /* Build configuration list for PBXNativeTarget "YELPUITests" */ = {
			isa = XCConfigurationList;
			buildConfigurations = (
				82FBD1EE218FE7E400F38A8F /* Debug */,
				82FBD1EF218FE7E400F38A8F /* Release */,
			);
			defaultConfigurationIsVisible = 0;
			defaultConfigurationName = Release;
		};
/* End XCConfigurationList section */
	};
	rootObject = 82FBD1B7218FE7E200F38A8F /* Project object */;
}
